
Microsoft Visual Studio Solution File, Format Version 12.00
# Visual Studio Version 17
VisualStudioVersion = 17.13.35931.197
MinimumVisualStudioVersion = 10.0.40219.1
Project("{FAE04EC0-301F-11D3-BF4B-00C04F79EFBC}") = "SajidStore", "SajidStore\SajidStore.csproj", "{82752B75-5D33-4DB0-9B5C-19652614CCBA}"
EndProject
Project("{FAE04EC0-301F-11D3-BF4B-00C04F79EFBC}") = "Entity", "Entity\Entity.csproj", "{395F35A6-5548-4343-88ED-32099B051F99}"
EndProject
Project("{FAE04EC0-301F-11D3-BF4B-00C04F79EFBC}") = "Services", "Services\Services.csproj", "{F6739DDE-8B76-4A54-8200-2413A680F822}"
EndProject
Project("{2150E333-8FDC-42A3-9474-1A3956D46DE8}") = "Solution Items", "Solution Items", "{8EC462FD-D22E-90A8-E5CE-7E832BA40C5D}"
	ProjectSection(SolutionItems) = preProject
		ReadMe.text = ReadMe.text
	EndProjectSection
EndProject
Global
	GlobalSection(SolutionConfigurationPlatforms) = preSolution
		Debug|Any CPU = Debug|Any CPU
		Release|Any CPU = Release|Any CPU
	EndGlobalSection
	GlobalSection(ProjectConfigurationPlatforms) = postSolution
		{82752B75-5D33-4DB0-9B5C-19652614CCBA}.Debug|Any CPU.ActiveCfg = Debug|Any CPU
		{82752B75-5D33-4DB0-9B5C-19652614CCBA}.Debug|Any CPU.Build.0 = Debug|Any CPU
		{82752B75-5D33-4DB0-9B5C-19652614CCBA}.Release|Any CPU.ActiveCfg = Release|Any CPU
		{82752B75-5D33-4DB0-9B5C-19652614CCBA}.Release|Any CPU.Build.0 = Release|Any CPU
		{395F35A6-5548-4343-88ED-32099B051F99}.Debug|Any CPU.ActiveCfg = Debug|Any CPU
		{395F35A6-5548-4343-88ED-32099B051F99}.Debug|Any CPU.Build.0 = Debug|Any CPU
		{395F35A6-5548-4343-88ED-32099B051F99}.Release|Any CPU.ActiveCfg = Release|Any CPU
		{395F35A6-5548-4343-88ED-32099B051F99}.Release|Any CPU.Build.0 = Release|Any CPU
		{F6739DDE-8B76-4A54-8200-2413A680F822}.Debug|Any CPU.ActiveCfg = Debug|Any CPU
		{F6739DDE-8B76-4A54-8200-2413A680F822}.Debug|Any CPU.Build.0 = Debug|Any CPU
		{F6739DDE-8B76-4A54-8200-2413A680F822}.Release|Any CPU.ActiveCfg = Release|Any CPU
		{F6739DDE-8B76-4A54-8200-2413A680F822}.Release|Any CPU.Build.0 = Release|Any CPU
	EndGlobalSection
	GlobalSection(SolutionProperties) = preSolution
		HideSolutionNode = FALSE
	EndGlobalSection
	GlobalSection(ExtensibilityGlobals) = postSolution
		SolutionGuid = {5611EA1D-D576-43E9-9877-6F16BA4062E6}
	EndGlobalSection
EndGlobal
